
Microsoft Visual Studio Solution File, Format Version 12.00
# Visual Studio Version 16
VisualStudioVersion = 16.0.31205.134
MinimumVisualStudioVersion = 10.0.40219.1
Project("{159641D6-6404-4A2A-AE62-294DE0FE8301}") = "DB Update Packages", "DB Update Packages.dtproj", "{31D026B2-A813-40C1-84C0-9B894A53F024}"
EndProject
Global
	GlobalSection(SolutionConfigurationPlatforms) = preSolution
		Development|Default = Development|Default
	EndGlobalSection
	GlobalSection(ProjectConfigurationPlatforms) = postSolution
		{31D026B2-A813-40C1-84C0-9B894A53F024}.Development|Default.ActiveCfg = Development
		{31D026B2-A813-40C1-84C0-9B894A53F024}.Development|Default.Build.0 = Development
	EndGlobalSection
	GlobalSection(SolutionProperties) = preSolution
		HideSolutionNode = FALSE
	EndGlobalSection
	GlobalSection(ExtensibilityGlobals) = postSolution
		SolutionGuid = {F446AB36-CEA3-4DEC-8AE1-F04D519AD872}
	EndGlobalSection
EndGlobal
