
Microsoft Visual Studio Solution File, Format Version 12.00
# Visual Studio Version 16
VisualStudioVersion = 16.0.31205.134
MinimumVisualStudioVersion = 10.0.40219.1
Project("{159641D6-6404-4A2A-AE62-294DE0FE8301}") = "APIConnection", "APIConnection.dtproj", "{50BE14EC-8BD6-4D45-98A9-77492194BBB6}"
EndProject
Global
	GlobalSection(SolutionConfigurationPlatforms) = preSolution
		Development|Default = Development|Default
	EndGlobalSection
	GlobalSection(ProjectConfigurationPlatforms) = postSolution
		{50BE14EC-8BD6-4D45-98A9-77492194BBB6}.Development|Default.ActiveCfg = Development
		{50BE14EC-8BD6-4D45-98A9-77492194BBB6}.Development|Default.Build.0 = Development
	EndGlobalSection
	GlobalSection(SolutionProperties) = preSolution
		HideSolutionNode = FALSE
	EndGlobalSection
	GlobalSection(ExtensibilityGlobals) = postSolution
		SolutionGuid = {1E7234AB-7820-461E-BFD1-7CB27C7D37F2}
	EndGlobalSection
EndGlobal
